// !$*UTF8*$!
{
	archiveVersion = 1;
	classes = {
	};
	objectVersion = 46;
	objects = {

/* Begin PBXBuildFile section */
		240694231C084FAC0038485D /* ViewQueryParser.swift in Sources */ = {isa = PBXBuildFile; fileRef = 240694211C084FAC0038485D /* ViewQueryParser.swift */; };
		240694241C084FAC0038485D /* QueryQuestion.swift in Sources */ = {isa = PBXBuildFile; fileRef = 240694221C084FAC0038485D /* QueryQuestion.swift */; };
		240694261C084FDD0038485D /* ViewQueryVC.swift in Sources */ = {isa = PBXBuildFile; fileRef = 240694251C084FDD0038485D /* ViewQueryVC.swift */; };
		242B327D1C0756B80046CD17 /* RelatedCases.swift in Sources */ = {isa = PBXBuildFile; fileRef = 242B327C1C0756B80046CD17 /* RelatedCases.swift */; };
		242B327F1C0756F20046CD17 /* RelatedCasesModel.swift in Sources */ = {isa = PBXBuildFile; fileRef = 242B327E1C0756F20046CD17 /* RelatedCasesModel.swift */; };
		24B0F5D21C103E8300ED4138 /* en.png in Resources */ = {isa = PBXBuildFile; fileRef = 24B0F5D11C103E8300ED4138 /* en.png */; };
		24B0F5D41C103E9600ED4138 /* el.png in Resources */ = {isa = PBXBuildFile; fileRef = 24B0F5D31C103E9600ED4138 /* el.png */; };
		24B0F5D81C10578700ED4138 /* SLocalize.swift in Sources */ = {isa = PBXBuildFile; fileRef = 24B0F5D71C10578700ED4138 /* SLocalize.swift */; };
		24B9B6B11C07384000544F9E /* RelatedCasesVC.swift in Sources */ = {isa = PBXBuildFile; fileRef = 24B9B6B01C07384000544F9E /* RelatedCasesVC.swift */; };
		A00C5A441BFE799B00169AFE /* Query.swift in Sources */ = {isa = PBXBuildFile; fileRef = A00C5A431BFE799B00169AFE /* Query.swift */; };
		A00C5A461BFE8CB100169AFE /* QueryCell.swift in Sources */ = {isa = PBXBuildFile; fileRef = A00C5A451BFE8CB100169AFE /* QueryCell.swift */; };
		A01DA0D91C065ABD00684B12 /* QueryResultVC.swift in Sources */ = {isa = PBXBuildFile; fileRef = A01DA0D81C065ABD00684B12 /* QueryResultVC.swift */; };
		A01E56121BFF9D9500064172 /* greentick.png in Resources */ = {isa = PBXBuildFile; fileRef = A01E56111BFF9D9500064172 /* greentick.png */; };
		A01E56141BFF9DA200064172 /* clock-512.png in Resources */ = {isa = PBXBuildFile; fileRef = A01E56131BFF9DA200064172 /* clock-512.png */; };
		A01E56161BFFAF2B00064172 /* AddQueryVC.swift in Sources */ = {isa = PBXBuildFile; fileRef = A01E56151BFFAF2B00064172 /* AddQueryVC.swift */; };
		A01E56181BFFD3C100064172 /* View.xib in Resources */ = {isa = PBXBuildFile; fileRef = A01E56171BFFD3C100064172 /* View.xib */; };
		A08D236E1C03F14200E063CD /* QueryParams.swift in Sources */ = {isa = PBXBuildFile; fileRef = A08D236D1C03F14200E063CD /* QueryParams.swift */; };
		A0C2CF381C05284A0095CA44 /* HRToast+UIView.swift in Sources */ = {isa = PBXBuildFile; fileRef = A0C2CF371C05284A0095CA44 /* HRToast+UIView.swift */; };
		A0C2CF3A1C052F590095CA44 /* OntologyCell.swift in Sources */ = {isa = PBXBuildFile; fileRef = A0C2CF391C052F590095CA44 /* OntologyCell.swift */; };
		A0C320C61C01095D00F49F4C /* OntologyModel.swift in Sources */ = {isa = PBXBuildFile; fileRef = A0C320C51C01095D00F49F4C /* OntologyModel.swift */; };
		A0C320C91C0110DA00F49F4C /* Ontology.swift in Sources */ = {isa = PBXBuildFile; fileRef = A0C320C81C0110DA00F49F4C /* Ontology.swift */; };
		A0C7DE0F1C03BFBD0002FB44 /* OntologyPojo.swift in Sources */ = {isa = PBXBuildFile; fileRef = A0C7DE0E1C03BFBD0002FB44 /* OntologyPojo.swift */; };
		A0EA91B21BFD0AE0001B0D1A /* Arrows-Forward-icon.png in Resources */ = {isa = PBXBuildFile; fileRef = A0EA91B11BFD0AE0001B0D1A /* Arrows-Forward-icon.png */; };
		A0F2EB9C1BFE50C7000C5943 /* QueryModel.swift in Sources */ = {isa = PBXBuildFile; fileRef = A0F2EB9B1BFE50C6000C5943 /* QueryModel.swift */; };
		A0F337C21C00B59D0011C9F9 /* BuiltQueryViewController.swift in Sources */ = {isa = PBXBuildFile; fileRef = A0F337C11C00B59D0011C9F9 /* BuiltQueryViewController.swift */; };
		E33E7FCA1BE9D1A1009C412B /* PickerData.swift in Sources */ = {isa = PBXBuildFile; fileRef = E33E7FC91BE9D1A1009C412B /* PickerData.swift */; };
		E33E7FCC1BEA26D2009C412B /* Functionality.xml in Resources */ = {isa = PBXBuildFile; fileRef = E33E7FCB1BEA26D2009C412B /* Functionality.xml */; };
		E33E7FCE1BEA26DA009C412B /* Insurance.xml in Resources */ = {isa = PBXBuildFile; fileRef = E33E7FCD1BEA26DA009C412B /* Insurance.xml */; };
		E33E7FD01BEA26E1009C412B /* EducationLevel2.xml in Resources */ = {isa = PBXBuildFile; fileRef = E33E7FCF1BEA26E1009C412B /* EducationLevel2.xml */; };
		E342CC7C1BEC80D90058A0F6 /* Help2VC.swift in Sources */ = {isa = PBXBuildFile; fileRef = E342CC7B1BEC80D90058A0F6 /* Help2VC.swift */; };
		E342CC7E1BEC81090058A0F6 /* About2VC.swift in Sources */ = {isa = PBXBuildFile; fileRef = E342CC7D1BEC81090058A0F6 /* About2VC.swift */; };
		E342CC801BEC81100058A0F6 /* QueriesVC.swift in Sources */ = {isa = PBXBuildFile; fileRef = E342CC7F1BEC81100058A0F6 /* QueriesVC.swift */; };
		E34BE3351BDF622C00F729B7 /* LeftMenuVC.swift in Sources */ = {isa = PBXBuildFile; fileRef = E34BE3341BDF622C00F729B7 /* LeftMenuVC.swift */; };
		E34BE3371BDF6DD100F729B7 /* ProfileVC.swift in Sources */ = {isa = PBXBuildFile; fileRef = E34BE3361BDF6DD100F729B7 /* ProfileVC.swift */; };
		E3685D051BCCE92E00401B84 /* AppDelegate.swift in Sources */ = {isa = PBXBuildFile; fileRef = E3685D041BCCE92E00401B84 /* AppDelegate.swift */; };
		E3685D0E1BCCE92E00401B84 /* Assets.xcassets in Resources */ = {isa = PBXBuildFile; fileRef = E3685D0D1BCCE92E00401B84 /* Assets.xcassets */; };
		E3685D1C1BCCEA2300401B84 /* LoginVC.swift in Sources */ = {isa = PBXBuildFile; fileRef = E3685D1B1BCCEA2300401B84 /* LoginVC.swift */; };
		E3685D1E1BCCEDC600401B84 /* RegistrationVC.swift in Sources */ = {isa = PBXBuildFile; fileRef = E3685D1D1BCCEDC600401B84 /* RegistrationVC.swift */; };
		E3685D221BCCF04200401B84 /* Utility.swift in Sources */ = {isa = PBXBuildFile; fileRef = E3685D211BCCF04200401B84 /* Utility.swift */; };
		E3685D2F1BCCF41500401B84 /* LaunchScreen.storyboard in Resources */ = {isa = PBXBuildFile; fileRef = E3685D261BCCF41500401B84 /* LaunchScreen.storyboard */; };
		E3685D301BCCF41500401B84 /* Main.storyboard in Resources */ = {isa = PBXBuildFile; fileRef = E3685D281BCCF41500401B84 /* Main.storyboard */; };
		E3685D311BCCF41500401B84 /* LaunchScreen.strings in Resources */ = {isa = PBXBuildFile; fileRef = E3685D2B1BCCF41500401B84 /* LaunchScreen.strings */; };
		E3685D321BCCF41500401B84 /* Main.strings in Resources */ = {isa = PBXBuildFile; fileRef = E3685D2D1BCCF41500401B84 /* Main.strings */; };
		E3685D361BCCF76000401B84 /* Localizable.strings in Resources */ = {isa = PBXBuildFile; fileRef = E3685D381BCCF76000401B84 /* Localizable.strings */; };
		E3685D3D1BCCF87700401B84 /* StringExtension.swift in Sources */ = {isa = PBXBuildFile; fileRef = E3685D3C1BCCF87700401B84 /* StringExtension.swift */; };
		E3685D431BCCFB9000401B84 /* HelpVC.swift in Sources */ = {isa = PBXBuildFile; fileRef = E3685D421BCCFB9000401B84 /* HelpVC.swift */; };
		E3685D451BCCFBBB00401B84 /* AboutVC.swift in Sources */ = {isa = PBXBuildFile; fileRef = E3685D441BCCFBBB00401B84 /* AboutVC.swift */; };
		E3685D471BCD0A4300401B84 /* ServiceAPI.swift in Sources */ = {isa = PBXBuildFile; fileRef = E3685D461BCD0A4300401B84 /* ServiceAPI.swift */; };
		E3685D491BCD0C7F00401B84 /* LoginModel.swift in Sources */ = {isa = PBXBuildFile; fileRef = E3685D481BCD0C7F00401B84 /* LoginModel.swift */; };
		E3685D5F1BCD0FFB00401B84 /* FrameView.swift in Sources */ = {isa = PBXBuildFile; fileRef = E3685D4C1BCD0FFB00401B84 /* FrameView.swift */; };
		E3685D601BCD0FFB00401B84 /* Images.xcassets in Resources */ = {isa = PBXBuildFile; fileRef = E3685D4D1BCD0FFB00401B84 /* Images.xcassets */; };
		E3685D611BCD0FFB00401B84 /* Info.plist in Resources */ = {isa = PBXBuildFile; fileRef = E3685D4E1BCD0FFB00401B84 /* Info.plist */; };
		E3685D621BCD0FFB00401B84 /* PKHUD.swift in Sources */ = {isa = PBXBuildFile; fileRef = E3685D501BCD0FFB00401B84 /* PKHUD.swift */; };
		E3685D631BCD0FFB00401B84 /* PKHUDAssets.swift in Sources */ = {isa = PBXBuildFile; fileRef = E3685D511BCD0FFB00401B84 /* PKHUDAssets.swift */; };
		E3685D641BCD0FFB00401B84 /* PKHUDContentView.swift in Sources */ = {isa = PBXBuildFile; fileRef = E3685D521BCD0FFB00401B84 /* PKHUDContentView.swift */; };
		E3685D651BCD0FFB00401B84 /* Window.swift in Sources */ = {isa = PBXBuildFile; fileRef = E3685D531BCD0FFB00401B84 /* Window.swift */; };
		E3685D661BCD0FFB00401B84 /* WindowRootViewController.swift in Sources */ = {isa = PBXBuildFile; fileRef = E3685D541BCD0FFB00401B84 /* WindowRootViewController.swift */; };
		E3685D671BCD0FFB00401B84 /* JSONArray.swift in Sources */ = {isa = PBXBuildFile; fileRef = E3685D561BCD0FFB00401B84 /* JSONArray.swift */; };
		E3685D681BCD0FFB00401B84 /* JSONDictionary.swift in Sources */ = {isa = PBXBuildFile; fileRef = E3685D571BCD0FFB00401B84 /* JSONDictionary.swift */; };
		E3685D691BCD0FFB00401B84 /* JSONParser.swift in Sources */ = {isa = PBXBuildFile; fileRef = E3685D581BCD0FFB00401B84 /* JSONParser.swift */; };
		E3685D6A1BCD0FFB00401B84 /* JSONSearch.swift in Sources */ = {isa = PBXBuildFile; fileRef = E3685D591BCD0FFB00401B84 /* JSONSearch.swift */; };
		E3685D6B1BCD0FFB00401B84 /* NSNumberExtensions.swift in Sources */ = {isa = PBXBuildFile; fileRef = E3685D5A1BCD0FFB00401B84 /* NSNumberExtensions.swift */; };
		E3685D6C1BCD0FFB00401B84 /* StringExtensions.swift in Sources */ = {isa = PBXBuildFile; fileRef = E3685D5B1BCD0FFB00401B84 /* StringExtensions.swift */; };
		E3685D6D1BCD0FFB00401B84 /* SupportCode.swift in Sources */ = {isa = PBXBuildFile; fileRef = E3685D5C1BCD0FFB00401B84 /* SupportCode.swift */; };
		E3685D6E1BCD0FFB00401B84 /* ValueEnum.swift in Sources */ = {isa = PBXBuildFile; fileRef = E3685D5D1BCD0FFB00401B84 /* ValueEnum.swift */; };
		E3685D6F1BCD0FFB00401B84 /* XMLParser.swift in Sources */ = {isa = PBXBuildFile; fileRef = E3685D5E1BCD0FFB00401B84 /* XMLParser.swift */; };
		E373FF3D1BE735D200B7C5D8 /* IndividualModel.swift in Sources */ = {isa = PBXBuildFile; fileRef = E373FF3B1BE735D200B7C5D8 /* IndividualModel.swift */; };
		E373FF3E1BE735D200B7C5D8 /* PasswordModel.swift in Sources */ = {isa = PBXBuildFile; fileRef = E373FF3C1BE735D200B7C5D8 /* PasswordModel.swift */; };
		E373FF411BE74E9900B7C5D8 /* Child.swift in Sources */ = {isa = PBXBuildFile; fileRef = E373FF3F1BE74E9900B7C5D8 /* Child.swift */; };
		E373FF421BE74E9900B7C5D8 /* User.swift in Sources */ = {isa = PBXBuildFile; fileRef = E373FF401BE74E9900B7C5D8 /* User.swift */; };
		E373FF451BE7669E00B7C5D8 /* ChildCell.swift in Sources */ = {isa = PBXBuildFile; fileRef = E373FF441BE7669E00B7C5D8 /* ChildCell.swift */; };
		E373FF471BE7867300B7C5D8 /* IndividualDetailVC.swift in Sources */ = {isa = PBXBuildFile; fileRef = E373FF461BE7867300B7C5D8 /* IndividualDetailVC.swift */; };
		E377B61A1BDFA0F600564A85 /* BaseTableViewCell.swift in Sources */ = {isa = PBXBuildFile; fileRef = E377B6181BDFA0F600564A85 /* BaseTableViewCell.swift */; };
		E377B61B1BDFA0F600564A85 /* SlideMenuController.swift in Sources */ = {isa = PBXBuildFile; fileRef = E377B6191BDFA0F600564A85 /* SlideMenuController.swift */; };
		E377B61D1BDFA46000564A85 /* UITableViewExtension.swift in Sources */ = {isa = PBXBuildFile; fileRef = E377B61C1BDFA46000564A85 /* UITableViewExtension.swift */; };
		E377B6211BDFB06D00564A85 /* UIViewControllerExtension.swift in Sources */ = {isa = PBXBuildFile; fileRef = E377B6201BDFB06D00564A85 /* UIViewControllerExtension.swift */; };
		E388474E1BE380ED006BA6E3 /* ChangePasswordVC.swift in Sources */ = {isa = PBXBuildFile; fileRef = E388474D1BE380ED006BA6E3 /* ChangePasswordVC.swift */; };
		E38847501BE38DB4006BA6E3 /* TestVC.swift in Sources */ = {isa = PBXBuildFile; fileRef = E388474F1BE38DB4006BA6E3 /* TestVC.swift */; };
		E38847561BE3958F006BA6E3 /* AddIndividualVC.swift in Sources */ = {isa = PBXBuildFile; fileRef = E38847511BE3958F006BA6E3 /* AddIndividualVC.swift */; };
		E38847591BE3958F006BA6E3 /* OntologyVC.swift in Sources */ = {isa = PBXBuildFile; fileRef = E38847541BE3958F006BA6E3 /* OntologyVC.swift */; };
		E388475A1BE3958F006BA6E3 /* RetrieveIndividualVC.swift in Sources */ = {isa = PBXBuildFile; fileRef = E38847551BE3958F006BA6E3 /* RetrieveIndividualVC.swift */; };
		E388475C1BE3AD4B006BA6E3 /* ProfileModel.swift in Sources */ = {isa = PBXBuildFile; fileRef = E388475B1BE3AD4B006BA6E3 /* ProfileModel.swift */; };
		E393D6D71BDA3F7D00C7CD00 /* RegistrationModel.swift in Sources */ = {isa = PBXBuildFile; fileRef = E393D6D61BDA3F7D00C7CD00 /* RegistrationModel.swift */; };
		E39EA2D11BD6400E00BEDABE /* ServiceRequest.swift in Sources */ = {isa = PBXBuildFile; fileRef = E39EA2D01BD6400E00BEDABE /* ServiceRequest.swift */; };
		E3AD505E1BDA0C8100061794 /* HomeVC.swift in Sources */ = {isa = PBXBuildFile; fileRef = E3AD505D1BDA0C8000061794 /* HomeVC.swift */; };
		E3AD50601BDA112A00061794 /* Settings.swift in Sources */ = {isa = PBXBuildFile; fileRef = E3AD505F1BDA112A00061794 /* Settings.swift */; };
		E3AD50621BDA112E00061794 /* Constants.swift in Sources */ = {isa = PBXBuildFile; fileRef = E3AD50611BDA112E00061794 /* Constants.swift */; };
		E3AD50641BDA13E000061794 /* NETextField.swift in Sources */ = {isa = PBXBuildFile; fileRef = E3AD50631BDA13E000061794 /* NETextField.swift */; };
		E3B513011BE8E73B00EA5956 /* Countries.xml in Resources */ = {isa = PBXBuildFile; fileRef = E3B512FD1BE8E73B00EA5956 /* Countries.xml */; };
		E3B513021BE8E73B00EA5956 /* EducationLevel.xml in Resources */ = {isa = PBXBuildFile; fileRef = E3B512FE1BE8E73B00EA5956 /* EducationLevel.xml */; };
		E3B513031BE8E73B00EA5956 /* Gender.xml in Resources */ = {isa = PBXBuildFile; fileRef = E3B512FF1BE8E73B00EA5956 /* Gender.xml */; };
		E3B513041BE8E73B00EA5956 /* Timezone.xml in Resources */ = {isa = PBXBuildFile; fileRef = E3B513001BE8E73B00EA5956 /* Timezone.xml */; };
		E3C10D121BD6438400A8D90A /* ServiceMethod.swift in Sources */ = {isa = PBXBuildFile; fileRef = E3C10D111BD6438400A8D90A /* ServiceMethod.swift */; };
/* End PBXBuildFile section */

/* Begin PBXFileReference section */
		240694211C084FAC0038485D /* ViewQueryParser.swift */ = {isa = PBXFileReference; fileEncoding = 4; lastKnownFileType = sourcecode.swift; path = ViewQueryParser.swift; sourceTree = "<group>"; };
		240694221C084FAC0038485D /* QueryQuestion.swift */ = {isa = PBXFileReference; fileEncoding = 4; lastKnownFileType = sourcecode.swift; path = QueryQuestion.swift; sourceTree = "<group>"; };
		240694251C084FDD0038485D /* ViewQueryVC.swift */ = {isa = PBXFileReference; fileEncoding = 4; lastKnownFileType = sourcecode.swift; path = ViewQueryVC.swift; sourceTree = "<group>"; };
		242B327C1C0756B80046CD17 /* RelatedCases.swift */ = {isa = PBXFileReference; fileEncoding = 4; lastKnownFileType = sourcecode.swift; path = RelatedCases.swift; sourceTree = "<group>"; };
		242B327E1C0756F20046CD17 /* RelatedCasesModel.swift */ = {isa = PBXFileReference; fileEncoding = 4; lastKnownFileType = sourcecode.swift; path = RelatedCasesModel.swift; sourceTree = "<group>"; };
		24B0F5D11C103E8300ED4138 /* en.png */ = {isa = PBXFileReference; lastKnownFileType = image.png; path = en.png; sourceTree = "<group>"; };
		24B0F5D31C103E9600ED4138 /* el.png */ = {isa = PBXFileReference; lastKnownFileType = image.png; path = el.png; sourceTree = "<group>"; };
		24B0F5D71C10578700ED4138 /* SLocalize.swift */ = {isa = PBXFileReference; fileEncoding = 4; lastKnownFileType = sourcecode.swift; path = SLocalize.swift; sourceTree = "<group>"; };
		24B9B6B01C07384000544F9E /* RelatedCasesVC.swift */ = {isa = PBXFileReference; fileEncoding = 4; lastKnownFileType = sourcecode.swift; path = RelatedCasesVC.swift; sourceTree = "<group>"; };
		A00C5A431BFE799B00169AFE /* Query.swift */ = {isa = PBXFileReference; fileEncoding = 4; lastKnownFileType = sourcecode.swift; path = Query.swift; sourceTree = "<group>"; };
		A00C5A451BFE8CB100169AFE /* QueryCell.swift */ = {isa = PBXFileReference; fileEncoding = 4; lastKnownFileType = sourcecode.swift; path = QueryCell.swift; sourceTree = "<group>"; };
		A01DA0D81C065ABD00684B12 /* QueryResultVC.swift */ = {isa = PBXFileReference; fileEncoding = 4; lastKnownFileType = sourcecode.swift; path = QueryResultVC.swift; sourceTree = "<group>"; };
		A01E56111BFF9D9500064172 /* greentick.png */ = {isa = PBXFileReference; lastKnownFileType = image.png; path = greentick.png; sourceTree = "<group>"; };
		A01E56131BFF9DA200064172 /* clock-512.png */ = {isa = PBXFileReference; lastKnownFileType = image.png; path = "clock-512.png"; sourceTree = "<group>"; };
		A01E56151BFFAF2B00064172 /* AddQueryVC.swift */ = {isa = PBXFileReference; fileEncoding = 4; lastKnownFileType = sourcecode.swift; path = AddQueryVC.swift; sourceTree = "<group>"; };
		A01E56171BFFD3C100064172 /* View.xib */ = {isa = PBXFileReference; fileEncoding = 4; lastKnownFileType = file.xib; path = View.xib; sourceTree = "<group>"; };
		A08D236D1C03F14200E063CD /* QueryParams.swift */ = {isa = PBXFileReference; fileEncoding = 4; lastKnownFileType = sourcecode.swift; path = QueryParams.swift; sourceTree = "<group>"; };
		A0C2CF371C05284A0095CA44 /* HRToast+UIView.swift */ = {isa = PBXFileReference; fileEncoding = 4; lastKnownFileType = sourcecode.swift; path = "HRToast+UIView.swift"; sourceTree = "<group>"; };
		A0C2CF391C052F590095CA44 /* OntologyCell.swift */ = {isa = PBXFileReference; fileEncoding = 4; lastKnownFileType = sourcecode.swift; path = OntologyCell.swift; sourceTree = "<group>"; };
		A0C320C51C01095D00F49F4C /* OntologyModel.swift */ = {isa = PBXFileReference; fileEncoding = 4; lastKnownFileType = sourcecode.swift; path = OntologyModel.swift; sourceTree = "<group>"; };
		A0C320C81C0110DA00F49F4C /* Ontology.swift */ = {isa = PBXFileReference; fileEncoding = 4; lastKnownFileType = sourcecode.swift; path = Ontology.swift; sourceTree = "<group>"; };
		A0C7DE0E1C03BFBD0002FB44 /* OntologyPojo.swift */ = {isa = PBXFileReference; fileEncoding = 4; lastKnownFileType = sourcecode.swift; path = OntologyPojo.swift; sourceTree = "<group>"; };
		A0EA91B11BFD0AE0001B0D1A /* Arrows-Forward-icon.png */ = {isa = PBXFileReference; lastKnownFileType = image.png; path = "Arrows-Forward-icon.png"; sourceTree = "<group>"; };
		A0F2EB9B1BFE50C6000C5943 /* QueryModel.swift */ = {isa = PBXFileReference; fileEncoding = 4; lastKnownFileType = sourcecode.swift; path = QueryModel.swift; sourceTree = "<group>"; };
		A0F337C11C00B59D0011C9F9 /* BuiltQueryViewController.swift */ = {isa = PBXFileReference; fileEncoding = 4; lastKnownFileType = sourcecode.swift; path = BuiltQueryViewController.swift; sourceTree = "<group>"; };
		E33E7FC91BE9D1A1009C412B /* PickerData.swift */ = {isa = PBXFileReference; fileEncoding = 4; lastKnownFileType = sourcecode.swift; path = PickerData.swift; sourceTree = "<group>"; };
		E33E7FCB1BEA26D2009C412B /* Functionality.xml */ = {isa = PBXFileReference; fileEncoding = 4; lastKnownFileType = text.xml; path = Functionality.xml; sourceTree = "<group>"; };
		E33E7FCD1BEA26DA009C412B /* Insurance.xml */ = {isa = PBXFileReference; fileEncoding = 4; lastKnownFileType = text.xml; path = Insurance.xml; sourceTree = "<group>"; };
		E33E7FCF1BEA26E1009C412B /* EducationLevel2.xml */ = {isa = PBXFileReference; fileEncoding = 4; lastKnownFileType = text.xml; path = EducationLevel2.xml; sourceTree = "<group>"; };
		E342CC7B1BEC80D90058A0F6 /* Help2VC.swift */ = {isa = PBXFileReference; fileEncoding = 4; lastKnownFileType = sourcecode.swift; path = Help2VC.swift; sourceTree = "<group>"; };
		E342CC7D1BEC81090058A0F6 /* About2VC.swift */ = {isa = PBXFileReference; fileEncoding = 4; lastKnownFileType = sourcecode.swift; path = About2VC.swift; sourceTree = "<group>"; };
		E342CC7F1BEC81100058A0F6 /* QueriesVC.swift */ = {isa = PBXFileReference; fileEncoding = 4; lastKnownFileType = sourcecode.swift; path = QueriesVC.swift; sourceTree = "<group>"; };
		E34BE3341BDF622C00F729B7 /* LeftMenuVC.swift */ = {isa = PBXFileReference; fileEncoding = 4; lastKnownFileType = sourcecode.swift; path = LeftMenuVC.swift; sourceTree = "<group>"; };
		E34BE3361BDF6DD100F729B7 /* ProfileVC.swift */ = {isa = PBXFileReference; fileEncoding = 4; lastKnownFileType = sourcecode.swift; path = ProfileVC.swift; sourceTree = "<group>"; };
		E3685D011BCCE92E00401B84 /* Pavefs.app */ = {isa = PBXFileReference; explicitFileType = wrapper.application; includeInIndex = 0; path = Pavefs.app; sourceTree = BUILT_PRODUCTS_DIR; };
		E3685D041BCCE92E00401B84 /* AppDelegate.swift */ = {isa = PBXFileReference; lastKnownFileType = sourcecode.swift; path = AppDelegate.swift; sourceTree = "<group>"; };
		E3685D0D1BCCE92E00401B84 /* Assets.xcassets */ = {isa = PBXFileReference; lastKnownFileType = folder.assetcatalog; path = Assets.xcassets; sourceTree = "<group>"; };
		E3685D121BCCE92E00401B84 /* Info.plist */ = {isa = PBXFileReference; lastKnownFileType = text.plist.xml; path = Info.plist; sourceTree = "<group>"; };
		E3685D1B1BCCEA2300401B84 /* LoginVC.swift */ = {isa = PBXFileReference; fileEncoding = 4; lastKnownFileType = sourcecode.swift; path = LoginVC.swift; sourceTree = "<group>"; };
		E3685D1D1BCCEDC600401B84 /* RegistrationVC.swift */ = {isa = PBXFileReference; fileEncoding = 4; lastKnownFileType = sourcecode.swift; path = RegistrationVC.swift; sourceTree = "<group>"; };
		E3685D211BCCF04200401B84 /* Utility.swift */ = {isa = PBXFileReference; fileEncoding = 4; lastKnownFileType = sourcecode.swift; path = Utility.swift; sourceTree = "<group>"; };
		E3685D271BCCF41500401B84 /* Base */ = {isa = PBXFileReference; lastKnownFileType = file.storyboard; name = Base; path = LaunchScreen.storyboard; sourceTree = "<group>"; };
		E3685D291BCCF41500401B84 /* Base */ = {isa = PBXFileReference; lastKnownFileType = file.storyboard; name = Base; path = Main.storyboard; sourceTree = "<group>"; };
		E3685D2C1BCCF41500401B84 /* el */ = {isa = PBXFileReference; lastKnownFileType = text.plist.strings; name = el; path = LaunchScreen.strings; sourceTree = "<group>"; };
		E3685D2E1BCCF41500401B84 /* el */ = {isa = PBXFileReference; lastKnownFileType = text.plist.strings; name = el; path = Main.strings; sourceTree = "<group>"; };
		E3685D371BCCF76000401B84 /* Base */ = {isa = PBXFileReference; lastKnownFileType = text.plist.strings; name = Base; path = Base.lproj/Localizable.strings; sourceTree = "<group>"; };
		E3685D391BCCF76800401B84 /* el */ = {isa = PBXFileReference; lastKnownFileType = text.plist.strings; name = el; path = el.lproj/Localizable.strings; sourceTree = "<group>"; };
		E3685D3C1BCCF87700401B84 /* StringExtension.swift */ = {isa = PBXFileReference; fileEncoding = 4; lastKnownFileType = sourcecode.swift; path = StringExtension.swift; sourceTree = "<group>"; };
		E3685D421BCCFB9000401B84 /* HelpVC.swift */ = {isa = PBXFileReference; fileEncoding = 4; lastKnownFileType = sourcecode.swift; path = HelpVC.swift; sourceTree = "<group>"; };
		E3685D441BCCFBBB00401B84 /* AboutVC.swift */ = {isa = PBXFileReference; fileEncoding = 4; lastKnownFileType = sourcecode.swift; path = AboutVC.swift; sourceTree = "<group>"; };
		E3685D461BCD0A4300401B84 /* ServiceAPI.swift */ = {isa = PBXFileReference; fileEncoding = 4; lastKnownFileType = sourcecode.swift; path = ServiceAPI.swift; sourceTree = "<group>"; };
		E3685D481BCD0C7F00401B84 /* LoginModel.swift */ = {isa = PBXFileReference; fileEncoding = 4; lastKnownFileType = sourcecode.swift; path = LoginModel.swift; sourceTree = "<group>"; };
		E3685D4C1BCD0FFB00401B84 /* FrameView.swift */ = {isa = PBXFileReference; fileEncoding = 4; lastKnownFileType = sourcecode.swift; path = FrameView.swift; sourceTree = "<group>"; };
		E3685D4D1BCD0FFB00401B84 /* Images.xcassets */ = {isa = PBXFileReference; lastKnownFileType = folder.assetcatalog; path = Images.xcassets; sourceTree = "<group>"; };
		E3685D4E1BCD0FFB00401B84 /* Info.plist */ = {isa = PBXFileReference; fileEncoding = 4; lastKnownFileType = text.plist.xml; path = Info.plist; sourceTree = "<group>"; };
		E3685D4F1BCD0FFB00401B84 /* PKHUD.h */ = {isa = PBXFileReference; fileEncoding = 4; lastKnownFileType = sourcecode.c.h; path = PKHUD.h; sourceTree = "<group>"; };
		E3685D501BCD0FFB00401B84 /* PKHUD.swift */ = {isa = PBXFileReference; fileEncoding = 4; lastKnownFileType = sourcecode.swift; path = PKHUD.swift; sourceTree = "<group>"; };
		E3685D511BCD0FFB00401B84 /* PKHUDAssets.swift */ = {isa = PBXFileReference; fileEncoding = 4; lastKnownFileType = sourcecode.swift; path = PKHUDAssets.swift; sourceTree = "<group>"; };
		E3685D521BCD0FFB00401B84 /* PKHUDContentView.swift */ = {isa = PBXFileReference; fileEncoding = 4; lastKnownFileType = sourcecode.swift; path = PKHUDContentView.swift; sourceTree = "<group>"; };
		E3685D531BCD0FFB00401B84 /* Window.swift */ = {isa = PBXFileReference; fileEncoding = 4; lastKnownFileType = sourcecode.swift; path = Window.swift; sourceTree = "<group>"; };
		E3685D541BCD0FFB00401B84 /* WindowRootViewController.swift */ = {isa = PBXFileReference; fileEncoding = 4; lastKnownFileType = sourcecode.swift; path = WindowRootViewController.swift; sourceTree = "<group>"; };
		E3685D561BCD0FFB00401B84 /* JSONArray.swift */ = {isa = PBXFileReference; fileEncoding = 4; lastKnownFileType = sourcecode.swift; path = JSONArray.swift; sourceTree = "<group>"; };
		E3685D571BCD0FFB00401B84 /* JSONDictionary.swift */ = {isa = PBXFileReference; fileEncoding = 4; lastKnownFileType = sourcecode.swift; path = JSONDictionary.swift; sourceTree = "<group>"; };
		E3685D581BCD0FFB00401B84 /* JSONParser.swift */ = {isa = PBXFileReference; fileEncoding = 4; lastKnownFileType = sourcecode.swift; path = JSONParser.swift; sourceTree = "<group>"; };
		E3685D591BCD0FFB00401B84 /* JSONSearch.swift */ = {isa = PBXFileReference; fileEncoding = 4; lastKnownFileType = sourcecode.swift; path = JSONSearch.swift; sourceTree = "<group>"; };
		E3685D5A1BCD0FFB00401B84 /* NSNumberExtensions.swift */ = {isa = PBXFileReference; fileEncoding = 4; lastKnownFileType = sourcecode.swift; path = NSNumberExtensions.swift; sourceTree = "<group>"; };
		E3685D5B1BCD0FFB00401B84 /* StringExtensions.swift */ = {isa = PBXFileReference; fileEncoding = 4; lastKnownFileType = sourcecode.swift; path = StringExtensions.swift; sourceTree = "<group>"; };
		E3685D5C1BCD0FFB00401B84 /* SupportCode.swift */ = {isa = PBXFileReference; fileEncoding = 4; lastKnownFileType = sourcecode.swift; path = SupportCode.swift; sourceTree = "<group>"; };
		E3685D5D1BCD0FFB00401B84 /* ValueEnum.swift */ = {isa = PBXFileReference; fileEncoding = 4; lastKnownFileType = sourcecode.swift; path = ValueEnum.swift; sourceTree = "<group>"; };
		E3685D5E1BCD0FFB00401B84 /* XMLParser.swift */ = {isa = PBXFileReference; fileEncoding = 4; lastKnownFileType = sourcecode.swift; path = XMLParser.swift; sourceTree = "<group>"; };
		E373FF3B1BE735D200B7C5D8 /* IndividualModel.swift */ = {isa = PBXFileReference; fileEncoding = 4; lastKnownFileType = sourcecode.swift; path = IndividualModel.swift; sourceTree = "<group>"; };
		E373FF3C1BE735D200B7C5D8 /* PasswordModel.swift */ = {isa = PBXFileReference; fileEncoding = 4; lastKnownFileType = sourcecode.swift; path = PasswordModel.swift; sourceTree = "<group>"; };
		E373FF3F1BE74E9900B7C5D8 /* Child.swift */ = {isa = PBXFileReference; fileEncoding = 4; lastKnownFileType = sourcecode.swift; path = Child.swift; sourceTree = "<group>"; };
		E373FF401BE74E9900B7C5D8 /* User.swift */ = {isa = PBXFileReference; fileEncoding = 4; lastKnownFileType = sourcecode.swift; path = User.swift; sourceTree = "<group>"; };
		E373FF441BE7669E00B7C5D8 /* ChildCell.swift */ = {isa = PBXFileReference; fileEncoding = 4; lastKnownFileType = sourcecode.swift; path = ChildCell.swift; sourceTree = "<group>"; };
		E373FF461BE7867300B7C5D8 /* IndividualDetailVC.swift */ = {isa = PBXFileReference; fileEncoding = 4; lastKnownFileType = sourcecode.swift; path = IndividualDetailVC.swift; sourceTree = "<group>"; };
		E377B6181BDFA0F600564A85 /* BaseTableViewCell.swift */ = {isa = PBXFileReference; fileEncoding = 4; lastKnownFileType = sourcecode.swift; path = BaseTableViewCell.swift; sourceTree = "<group>"; };
		E377B6191BDFA0F600564A85 /* SlideMenuController.swift */ = {isa = PBXFileReference; fileEncoding = 4; lastKnownFileType = sourcecode.swift; path = SlideMenuController.swift; sourceTree = "<group>"; };
		E377B61C1BDFA46000564A85 /* UITableViewExtension.swift */ = {isa = PBXFileReference; fileEncoding = 4; lastKnownFileType = sourcecode.swift; path = UITableViewExtension.swift; sourceTree = "<group>"; };
		E377B6201BDFB06D00564A85 /* UIViewControllerExtension.swift */ = {isa = PBXFileReference; fileEncoding = 4; lastKnownFileType = sourcecode.swift; path = UIViewControllerExtension.swift; sourceTree = "<group>"; };
		E388474D1BE380ED006BA6E3 /* ChangePasswordVC.swift */ = {isa = PBXFileReference; fileEncoding = 4; lastKnownFileType = sourcecode.swift; path = ChangePasswordVC.swift; sourceTree = "<group>"; };
		E388474F1BE38DB4006BA6E3 /* TestVC.swift */ = {isa = PBXFileReference; fileEncoding = 4; lastKnownFileType = sourcecode.swift; path = TestVC.swift; sourceTree = "<group>"; };
		E38847511BE3958F006BA6E3 /* AddIndividualVC.swift */ = {isa = PBXFileReference; fileEncoding = 4; lastKnownFileType = sourcecode.swift; path = AddIndividualVC.swift; sourceTree = "<group>"; };
		E38847541BE3958F006BA6E3 /* OntologyVC.swift */ = {isa = PBXFileReference; fileEncoding = 4; lastKnownFileType = sourcecode.swift; path = OntologyVC.swift; sourceTree = "<group>"; };
		E38847551BE3958F006BA6E3 /* RetrieveIndividualVC.swift */ = {isa = PBXFileReference; fileEncoding = 4; lastKnownFileType = sourcecode.swift; path = RetrieveIndividualVC.swift; sourceTree = "<group>"; };
		E388475B1BE3AD4B006BA6E3 /* ProfileModel.swift */ = {isa = PBXFileReference; fileEncoding = 4; lastKnownFileType = sourcecode.swift; path = ProfileModel.swift; sourceTree = "<group>"; };
		E393D6D61BDA3F7D00C7CD00 /* RegistrationModel.swift */ = {isa = PBXFileReference; fileEncoding = 4; lastKnownFileType = sourcecode.swift; path = RegistrationModel.swift; sourceTree = "<group>"; };
		E39EA2D01BD6400E00BEDABE /* ServiceRequest.swift */ = {isa = PBXFileReference; fileEncoding = 4; lastKnownFileType = sourcecode.swift; path = ServiceRequest.swift; sourceTree = "<group>"; };
		E3AD505D1BDA0C8000061794 /* HomeVC.swift */ = {isa = PBXFileReference; fileEncoding = 4; lastKnownFileType = sourcecode.swift; path = HomeVC.swift; sourceTree = "<group>"; };
		E3AD505F1BDA112A00061794 /* Settings.swift */ = {isa = PBXFileReference; fileEncoding = 4; lastKnownFileType = sourcecode.swift; path = Settings.swift; sourceTree = "<group>"; };
		E3AD50611BDA112E00061794 /* Constants.swift */ = {isa = PBXFileReference; fileEncoding = 4; lastKnownFileType = sourcecode.swift; path = Constants.swift; sourceTree = "<group>"; };
		E3AD50631BDA13E000061794 /* NETextField.swift */ = {isa = PBXFileReference; fileEncoding = 4; lastKnownFileType = sourcecode.swift; path = NETextField.swift; sourceTree = "<group>"; };
		E3B512FD1BE8E73B00EA5956 /* Countries.xml */ = {isa = PBXFileReference; fileEncoding = 4; lastKnownFileType = text.xml; path = Countries.xml; sourceTree = "<group>"; };
		E3B512FE1BE8E73B00EA5956 /* EducationLevel.xml */ = {isa = PBXFileReference; fileEncoding = 4; lastKnownFileType = text.xml; path = EducationLevel.xml; sourceTree = "<group>"; };
		E3B512FF1BE8E73B00EA5956 /* Gender.xml */ = {isa = PBXFileReference; fileEncoding = 4; lastKnownFileType = text.xml; path = Gender.xml; sourceTree = "<group>"; };
		E3B513001BE8E73B00EA5956 /* Timezone.xml */ = {isa = PBXFileReference; fileEncoding = 4; lastKnownFileType = text.xml; path = Timezone.xml; sourceTree = "<group>"; };
		E3C10D111BD6438400A8D90A /* ServiceMethod.swift */ = {isa = PBXFileReference; fileEncoding = 4; lastKnownFileType = sourcecode.swift; path = ServiceMethod.swift; sourceTree = "<group>"; };
/* End PBXFileReference section */

/* Begin PBXFrameworksBuildPhase section */
		E3685CFE1BCCE92E00401B84 /* Frameworks */ = {
			isa = PBXFrameworksBuildPhase;
			buildActionMask = 2147483647;
			files = (
			);
			runOnlyForDeploymentPostprocessing = 0;
		};
/* End PBXFrameworksBuildPhase section */

/* Begin PBXGroup section */
		A0EA91AE1BFD091C001B0D1A /* Images */ = {
			isa = PBXGroup;
			children = (
				24B0F5D11C103E8300ED4138 /* en.png */,
				24B0F5D31C103E9600ED4138 /* el.png */,
				A01E56111BFF9D9500064172 /* greentick.png */,
				A01E56131BFF9DA200064172 /* clock-512.png */,
				A0EA91B11BFD0AE0001B0D1A /* Arrows-Forward-icon.png */,
			);
			name = Images;
			sourceTree = "<group>";
		};
		A0EBD7EB1C0521D600A3D6B6 /* Toast */ = {
			isa = PBXGroup;
			children = (
				A0C2CF371C05284A0095CA44 /* HRToast+UIView.swift */,
			);
			name = Toast;
			sourceTree = "<group>";
		};
		E34BE3311BDF591100F729B7 /* SlideMenu */ = {
			isa = PBXGroup;
			children = (
				E377B6201BDFB06D00564A85 /* UIViewControllerExtension.swift */,
				E377B61C1BDFA46000564A85 /* UITableViewExtension.swift */,
				E377B6181BDFA0F600564A85 /* BaseTableViewCell.swift */,
				E377B6191BDFA0F600564A85 /* SlideMenuController.swift */,
			);
			path = SlideMenu;
			sourceTree = "<group>";
		};
		E3685CF81BCCE92E00401B84 = {
			isa = PBXGroup;
			children = (
				E3685D031BCCE92E00401B84 /* Pavefs */,
				E3685D021BCCE92E00401B84 /* Products */,
			);
			sourceTree = "<group>";
		};
		E3685D021BCCE92E00401B84 /* Products */ = {
			isa = PBXGroup;
			children = (
				E3685D011BCCE92E00401B84 /* Pavefs.app */,
			);
			name = Products;
			sourceTree = "<group>";
		};
		E3685D031BCCE92E00401B84 /* Pavefs */ = {
			isa = PBXGroup;
			children = (
				A0EA91AE1BFD091C001B0D1A /* Images */,
				E3B512FC1BE8E73B00EA5956 /* XMLFiles */,
				E373FF431BE7669E00B7C5D8 /* TableCell */,
				E3685D4A1BCD0FB000401B84 /* ThirdParty */,
				E3685D3B1BCCF83600401B84 /* Custom */,
				E3685D331BCCF72D00401B84 /* Localization */,
				E3685D201BCCEFA200401B84 /* Helper */,
				E3685D1F1BCCEF9A00401B84 /* Service */,
				E3685D1A1BCCE9E800401B84 /* Model */,
				E3685D191BCCE9E200401B84 /* View */,
				E3685D181BCCE9D700401B84 /* Controller */,
				E3685D041BCCE92E00401B84 /* AppDelegate.swift */,
				E3685D0D1BCCE92E00401B84 /* Assets.xcassets */,
				E3685D121BCCE92E00401B84 /* Info.plist */,
			);
			path = Pavefs;
			sourceTree = "<group>";
		};
		E3685D181BCCE9D700401B84 /* Controller */ = {
			isa = PBXGroup;
			children = (
				E3685D1B1BCCEA2300401B84 /* LoginVC.swift */,
				E3685D1D1BCCEDC600401B84 /* RegistrationVC.swift */,
				E3685D421BCCFB9000401B84 /* HelpVC.swift */,
				E342CC7B1BEC80D90058A0F6 /* Help2VC.swift */,
				E3685D441BCCFBBB00401B84 /* AboutVC.swift */,
				E342CC7D1BEC81090058A0F6 /* About2VC.swift */,
				E3AD505D1BDA0C8000061794 /* HomeVC.swift */,
				E34BE3341BDF622C00F729B7 /* LeftMenuVC.swift */,
				E34BE3361BDF6DD100F729B7 /* ProfileVC.swift */,
				E342CC7F1BEC81100058A0F6 /* QueriesVC.swift */,
				E388474D1BE380ED006BA6E3 /* ChangePasswordVC.swift */,
				E38847511BE3958F006BA6E3 /* AddIndividualVC.swift */,
				E38847541BE3958F006BA6E3 /* OntologyVC.swift */,
				E38847551BE3958F006BA6E3 /* RetrieveIndividualVC.swift */,
				E373FF461BE7867300B7C5D8 /* IndividualDetailVC.swift */,
				E388474F1BE38DB4006BA6E3 /* TestVC.swift */,
				A01E56151BFFAF2B00064172 /* AddQueryVC.swift */,
				A0F337C11C00B59D0011C9F9 /* BuiltQueryViewController.swift */,
				A01DA0D81C065ABD00684B12 /* QueryResultVC.swift */,
				24B9B6B01C07384000544F9E /* RelatedCasesVC.swift */,
				240694251C084FDD0038485D /* ViewQueryVC.swift */,
			);
			path = Controller;
			sourceTree = "<group>";
		};
		E3685D191BCCE9E200401B84 /* View */ = {
			isa = PBXGroup;
			children = (
				E3685D251BCCF41500401B84 /* Base.lproj */,
				E3685D2A1BCCF41500401B84 /* el.lproj */,
				A01E56171BFFD3C100064172 /* View.xib */,
			);
			path = View;
			sourceTree = "<group>";
		};
		E3685D1A1BCCE9E800401B84 /* Model */ = {
			isa = PBXGroup;
			children = (
				E3685D481BCD0C7F00401B84 /* LoginModel.swift */,
				E393D6D61BDA3F7D00C7CD00 /* RegistrationModel.swift */,
				E388475B1BE3AD4B006BA6E3 /* ProfileModel.swift */,
				E373FF3B1BE735D200B7C5D8 /* IndividualModel.swift */,
				E373FF3C1BE735D200B7C5D8 /* PasswordModel.swift */,
				A0F2EB9B1BFE50C6000C5943 /* QueryModel.swift */,
				A0C320C51C01095D00F49F4C /* OntologyModel.swift */,
				242B327E1C0756F20046CD17 /* RelatedCasesModel.swift */,
			);
			path = Model;
			sourceTree = "<group>";
		};
		E3685D1F1BCCEF9A00401B84 /* Service */ = {
			isa = PBXGroup;
			children = (
				E3685D461BCD0A4300401B84 /* ServiceAPI.swift */,
				E39EA2D01BD6400E00BEDABE /* ServiceRequest.swift */,
				E3C10D111BD6438400A8D90A /* ServiceMethod.swift */,
			);
			path = Service;
			sourceTree = "<group>";
		};
		E3685D201BCCEFA200401B84 /* Helper */ = {
			isa = PBXGroup;
			children = (
				24B0F5D71C10578700ED4138 /* SLocalize.swift */,
				E3685D211BCCF04200401B84 /* Utility.swift */,
				E3AD505F1BDA112A00061794 /* Settings.swift */,
				E3AD50611BDA112E00061794 /* Constants.swift */,
			);
			path = Helper;
			sourceTree = "<group>";
		};
		E3685D251BCCF41500401B84 /* Base.lproj */ = {
			isa = PBXGroup;
			children = (
				E3685D261BCCF41500401B84 /* LaunchScreen.storyboard */,
				E3685D281BCCF41500401B84 /* Main.storyboard */,
			);
			path = Base.lproj;
			sourceTree = "<group>";
		};
		E3685D2A1BCCF41500401B84 /* el.lproj */ = {
			isa = PBXGroup;
			children = (
				E3685D2B1BCCF41500401B84 /* LaunchScreen.strings */,
				E3685D2D1BCCF41500401B84 /* Main.strings */,
			);
			path = el.lproj;
			sourceTree = "<group>";
		};
		E3685D331BCCF72D00401B84 /* Localization */ = {
			isa = PBXGroup;
			children = (
				E3685D381BCCF76000401B84 /* Localizable.strings */,
			);
			path = Localization;
			sourceTree = "<group>";
		};
		E3685D3B1BCCF83600401B84 /* Custom */ = {
			isa = PBXGroup;
			children = (
				E3AD50631BDA13E000061794 /* NETextField.swift */,
				E3685D3C1BCCF87700401B84 /* StringExtension.swift */,
				E373FF3F1BE74E9900B7C5D8 /* Child.swift */,
				E373FF401BE74E9900B7C5D8 /* User.swift */,
				E33E7FC91BE9D1A1009C412B /* PickerData.swift */,
				A00C5A431BFE799B00169AFE /* Query.swift */,
				A0C320C81C0110DA00F49F4C /* Ontology.swift */,
				A0C7DE0E1C03BFBD0002FB44 /* OntologyPojo.swift */,
				A08D236D1C03F14200E063CD /* QueryParams.swift */,
				242B327C1C0756B80046CD17 /* RelatedCases.swift */,
				240694211C084FAC0038485D /* ViewQueryParser.swift */,
				240694221C084FAC0038485D /* QueryQuestion.swift */,
			);
			path = Custom;
			sourceTree = "<group>";
		};
		E3685D4A1BCD0FB000401B84 /* ThirdParty */ = {
			isa = PBXGroup;
			children = (
				A0EBD7EB1C0521D600A3D6B6 /* Toast */,
				E34BE3311BDF591100F729B7 /* SlideMenu */,
				E3685D4B1BCD0FFB00401B84 /* PKHUD */,
				E3685D551BCD0FFB00401B84 /* Sources */,
			);
			path = ThirdParty;
			sourceTree = "<group>";
		};
		E3685D4B1BCD0FFB00401B84 /* PKHUD */ = {
			isa = PBXGroup;
			children = (
				E3685D4C1BCD0FFB00401B84 /* FrameView.swift */,
				E3685D4D1BCD0FFB00401B84 /* Images.xcassets */,
				E3685D4E1BCD0FFB00401B84 /* Info.plist */,
				E3685D4F1BCD0FFB00401B84 /* PKHUD.h */,
				E3685D501BCD0FFB00401B84 /* PKHUD.swift */,
				E3685D511BCD0FFB00401B84 /* PKHUDAssets.swift */,
				E3685D521BCD0FFB00401B84 /* PKHUDContentView.swift */,
				E3685D531BCD0FFB00401B84 /* Window.swift */,
				E3685D541BCD0FFB00401B84 /* WindowRootViewController.swift */,
			);
			path = PKHUD;
			sourceTree = "<group>";
		};
		E3685D551BCD0FFB00401B84 /* Sources */ = {
			isa = PBXGroup;
			children = (
				E3685D561BCD0FFB00401B84 /* JSONArray.swift */,
				E3685D571BCD0FFB00401B84 /* JSONDictionary.swift */,
				E3685D581BCD0FFB00401B84 /* JSONParser.swift */,
				E3685D591BCD0FFB00401B84 /* JSONSearch.swift */,
				E3685D5A1BCD0FFB00401B84 /* NSNumberExtensions.swift */,
				E3685D5B1BCD0FFB00401B84 /* StringExtensions.swift */,
				E3685D5C1BCD0FFB00401B84 /* SupportCode.swift */,
				E3685D5D1BCD0FFB00401B84 /* ValueEnum.swift */,
				E3685D5E1BCD0FFB00401B84 /* XMLParser.swift */,
			);
			path = Sources;
			sourceTree = "<group>";
		};
		E373FF431BE7669E00B7C5D8 /* TableCell */ = {
			isa = PBXGroup;
			children = (
				E373FF441BE7669E00B7C5D8 /* ChildCell.swift */,
				A00C5A451BFE8CB100169AFE /* QueryCell.swift */,
				A0C2CF391C052F590095CA44 /* OntologyCell.swift */,
			);
			path = TableCell;
			sourceTree = "<group>";
		};
		E3B512FC1BE8E73B00EA5956 /* XMLFiles */ = {
			isa = PBXGroup;
			children = (
				E3B512FD1BE8E73B00EA5956 /* Countries.xml */,
				E3B512FE1BE8E73B00EA5956 /* EducationLevel.xml */,
				E3B512FF1BE8E73B00EA5956 /* Gender.xml */,
				E3B513001BE8E73B00EA5956 /* Timezone.xml */,
				E33E7FCB1BEA26D2009C412B /* Functionality.xml */,
				E33E7FCD1BEA26DA009C412B /* Insurance.xml */,
				E33E7FCF1BEA26E1009C412B /* EducationLevel2.xml */,
			);
			path = XMLFiles;
			sourceTree = "<group>";
		};
/* End PBXGroup section */

/* Begin PBXNativeTarget section */
		E3685D001BCCE92E00401B84 /* Pavefs */ = {
			isa = PBXNativeTarget;
			buildConfigurationList = E3685D151BCCE92E00401B84 /* Build configuration list for PBXNativeTarget "Pavefs" */;
			buildPhases = (
				E3685CFD1BCCE92E00401B84 /* Sources */,
				E3685CFE1BCCE92E00401B84 /* Frameworks */,
				E3685CFF1BCCE92E00401B84 /* Resources */,
			);
			buildRules = (
			);
			dependencies = (
			);
			name = Pavefs;
			productName = Pavefs;
			productReference = E3685D011BCCE92E00401B84 /* Pavefs.app */;
			productType = "com.apple.product-type.application";
		};
/* End PBXNativeTarget section */

/* Begin PBXProject section */
		E3685CF91BCCE92E00401B84 /* Project object */ = {
			isa = PBXProject;
			attributes = {
				LastUpgradeCheck = 0700;
				ORGANIZATIONNAME = Nayeye;
				TargetAttributes = {
					E3685D001BCCE92E00401B84 = {
						CreatedOnToolsVersion = 7.0;
					};
				};
			};
			buildConfigurationList = E3685CFC1BCCE92E00401B84 /* Build configuration list for PBXProject "Pavefs" */;
			compatibilityVersion = "Xcode 3.2";
			developmentRegion = English;
			hasScannedForEncodings = 0;
			knownRegions = (
				en,
				Base,
				el,
			);
			mainGroup = E3685CF81BCCE92E00401B84;
			productRefGroup = E3685D021BCCE92E00401B84 /* Products */;
			projectDirPath = "";
			projectRoot = "";
			targets = (
				E3685D001BCCE92E00401B84 /* Pavefs */,
			);
		};
/* End PBXProject section */

/* Begin PBXResourcesBuildPhase section */
		E3685CFF1BCCE92E00401B84 /* Resources */ = {
			isa = PBXResourcesBuildPhase;
			buildActionMask = 2147483647;
			files = (
				24B0F5D41C103E9600ED4138 /* el.png in Resources */,
				24B0F5D21C103E8300ED4138 /* en.png in Resources */,
				E33E7FD01BEA26E1009C412B /* EducationLevel2.xml in Resources */,
				E3685D611BCD0FFB00401B84 /* Info.plist in Resources */,
				E3685D311BCCF41500401B84 /* LaunchScreen.strings in Resources */,
				E3685D361BCCF76000401B84 /* Localizable.strings in Resources */,
				E3685D601BCD0FFB00401B84 /* Images.xcassets in Resources */,
				E33E7FCC1BEA26D2009C412B /* Functionality.xml in Resources */,
				A0EA91B21BFD0AE0001B0D1A /* Arrows-Forward-icon.png in Resources */,
				A01E56121BFF9D9500064172 /* greentick.png in Resources */,
				E3B513011BE8E73B00EA5956 /* Countries.xml in Resources */,
				E3B513021BE8E73B00EA5956 /* EducationLevel.xml in Resources */,
				E3685D301BCCF41500401B84 /* Main.storyboard in Resources */,
				A01E56141BFF9DA200064172 /* clock-512.png in Resources */,
				A01E56181BFFD3C100064172 /* View.xib in Resources */,
				E33E7FCE1BEA26DA009C412B /* Insurance.xml in Resources */,
				E3685D2F1BCCF41500401B84 /* LaunchScreen.storyboard in Resources */,
				E3685D321BCCF41500401B84 /* Main.strings in Resources */,
				E3685D0E1BCCE92E00401B84 /* Assets.xcassets in Resources */,
				E3B513041BE8E73B00EA5956 /* Timezone.xml in Resources */,
				E3B513031BE8E73B00EA5956 /* Gender.xml in Resources */,
			);
			runOnlyForDeploymentPostprocessing = 0;
		};
/* End PBXResourcesBuildPhase section */

/* Begin PBXSourcesBuildPhase section */
		E3685CFD1BCCE92E00401B84 /* Sources */ = {
			isa = PBXSourcesBuildPhase;
			buildActionMask = 2147483647;
			files = (
				A0F2EB9C1BFE50C7000C5943 /* QueryModel.swift in Sources */,
				E388475C1BE3AD4B006BA6E3 /* ProfileModel.swift in Sources */,
				E39EA2D11BD6400E00BEDABE /* ServiceRequest.swift in Sources */,
				E3685D451BCCFBBB00401B84 /* AboutVC.swift in Sources */,
				A0C7DE0F1C03BFBD0002FB44 /* OntologyPojo.swift in Sources */,
				E3685D221BCCF04200401B84 /* Utility.swift in Sources */,
				A00C5A441BFE799B00169AFE /* Query.swift in Sources */,
				E38847561BE3958F006BA6E3 /* AddIndividualVC.swift in Sources */,
				A0C2CF3A1C052F590095CA44 /* OntologyCell.swift in Sources */,
				E3AD505E1BDA0C8100061794 /* HomeVC.swift in Sources */,
				A01E56161BFFAF2B00064172 /* AddQueryVC.swift in Sources */,
				E377B61A1BDFA0F600564A85 /* BaseTableViewCell.swift in Sources */,
				E3685D691BCD0FFB00401B84 /* JSONParser.swift in Sources */,
				E393D6D71BDA3F7D00C7CD00 /* RegistrationModel.swift in Sources */,
				A0F337C21C00B59D0011C9F9 /* BuiltQueryViewController.swift in Sources */,
				E377B61B1BDFA0F600564A85 /* SlideMenuController.swift in Sources */,
				E3AD50621BDA112E00061794 /* Constants.swift in Sources */,
				E3685D6C1BCD0FFB00401B84 /* StringExtensions.swift in Sources */,
				E373FF3D1BE735D200B7C5D8 /* IndividualModel.swift in Sources */,
				E3685D621BCD0FFB00401B84 /* PKHUD.swift in Sources */,
				E377B6211BDFB06D00564A85 /* UIViewControllerExtension.swift in Sources */,
				E3685D671BCD0FFB00401B84 /* JSONArray.swift in Sources */,
				E3685D1C1BCCEA2300401B84 /* LoginVC.swift in Sources */,
				E373FF3E1BE735D200B7C5D8 /* PasswordModel.swift in Sources */,
				E3685D3D1BCCF87700401B84 /* StringExtension.swift in Sources */,
				E3685D6F1BCD0FFB00401B84 /* XMLParser.swift in Sources */,
				E3685D6D1BCD0FFB00401B84 /* SupportCode.swift in Sources */,
				E33E7FCA1BE9D1A1009C412B /* PickerData.swift in Sources */,
				240694241C084FAC0038485D /* QueryQuestion.swift in Sources */,
				E3685D6A1BCD0FFB00401B84 /* JSONSearch.swift in Sources */,
				E373FF451BE7669E00B7C5D8 /* ChildCell.swift in Sources */,
				E3685D491BCD0C7F00401B84 /* LoginModel.swift in Sources */,
				E3685D431BCCFB9000401B84 /* HelpVC.swift in Sources */,
				E3685D631BCD0FFB00401B84 /* PKHUDAssets.swift in Sources */,
				E373FF411BE74E9900B7C5D8 /* Child.swift in Sources */,
				E342CC801BEC81100058A0F6 /* QueriesVC.swift in Sources */,
				E3685D681BCD0FFB00401B84 /* JSONDictionary.swift in Sources */,
				E377B61D1BDFA46000564A85 /* UITableViewExtension.swift in Sources */,
				E3685D641BCD0FFB00401B84 /* PKHUDContentView.swift in Sources */,
				E3AD50601BDA112A00061794 /* Settings.swift in Sources */,
				24B0F5D81C10578700ED4138 /* SLocalize.swift in Sources */,
				E342CC7C1BEC80D90058A0F6 /* Help2VC.swift in Sources */,
				E388474E1BE380ED006BA6E3 /* ChangePasswordVC.swift in Sources */,
				E3685D6B1BCD0FFB00401B84 /* NSNumberExtensions.swift in Sources */,
				A01DA0D91C065ABD00684B12 /* QueryResultVC.swift in Sources */,
				A0C2CF381C05284A0095CA44 /* HRToast+UIView.swift in Sources */,
				E3C10D121BD6438400A8D90A /* ServiceMethod.swift in Sources */,
				E3685D6E1BCD0FFB00401B84 /* ValueEnum.swift in Sources */,
				A00C5A461BFE8CB100169AFE /* QueryCell.swift in Sources */,
				E3685D651BCD0FFB00401B84 /* Window.swift in Sources */,
				240694261C084FDD0038485D /* ViewQueryVC.swift in Sources */,
				A0C320C91C0110DA00F49F4C /* Ontology.swift in Sources */,
				E3685D1E1BCCEDC600401B84 /* RegistrationVC.swift in Sources */,
				A0C320C61C01095D00F49F4C /* OntologyModel.swift in Sources */,
				242B327F1C0756F20046CD17 /* RelatedCasesModel.swift in Sources */,
				E3685D471BCD0A4300401B84 /* ServiceAPI.swift in Sources */,
				E3685D5F1BCD0FFB00401B84 /* FrameView.swift in Sources */,
				E373FF471BE7867300B7C5D8 /* IndividualDetailVC.swift in Sources */,
				240694231C084FAC0038485D /* ViewQueryParser.swift in Sources */,
				24B9B6B11C07384000544F9E /* RelatedCasesVC.swift in Sources */,
				E34BE3351BDF622C00F729B7 /* LeftMenuVC.swift in Sources */,
				E373FF421BE74E9900B7C5D8 /* User.swift in Sources */,
				E38847501BE38DB4006BA6E3 /* TestVC.swift in Sources */,
				E34BE3371BDF6DD100F729B7 /* ProfileVC.swift in Sources */,
				E3685D051BCCE92E00401B84 /* AppDelegate.swift in Sources */,
				E3AD50641BDA13E000061794 /* NETextField.swift in Sources */,
				242B327D1C0756B80046CD17 /* RelatedCases.swift in Sources */,
				E388475A1BE3958F006BA6E3 /* RetrieveIndividualVC.swift in Sources */,
				E38847591BE3958F006BA6E3 /* OntologyVC.swift in Sources */,
				E3685D661BCD0FFB00401B84 /* WindowRootViewController.swift in Sources */,
				A08D236E1C03F14200E063CD /* QueryParams.swift in Sources */,
				E342CC7E1BEC81090058A0F6 /* About2VC.swift in Sources */,
			);
			runOnlyForDeploymentPostprocessing = 0;
		};
/* End PBXSourcesBuildPhase section */

/* Begin PBXVariantGroup section */
		E3685D261BCCF41500401B84 /* LaunchScreen.storyboard */ = {
			isa = PBXVariantGroup;
			children = (
				E3685D271BCCF41500401B84 /* Base */,
			);
			name = LaunchScreen.storyboard;
			sourceTree = "<group>";
		};
		E3685D281BCCF41500401B84 /* Main.storyboard */ = {
			isa = PBXVariantGroup;
			children = (
				E3685D291BCCF41500401B84 /* Base */,
			);
			name = Main.storyboard;
			sourceTree = "<group>";
		};
		E3685D2B1BCCF41500401B84 /* LaunchScreen.strings */ = {
			isa = PBXVariantGroup;
			children = (
				E3685D2C1BCCF41500401B84 /* el */,
			);
			name = LaunchScreen.strings;
			sourceTree = "<group>";
		};
		E3685D2D1BCCF41500401B84 /* Main.strings */ = {
			isa = PBXVariantGroup;
			children = (
				E3685D2E1BCCF41500401B84 /* el */,
			);
			name = Main.strings;
			sourceTree = "<group>";
		};
		E3685D381BCCF76000401B84 /* Localizable.strings */ = {
			isa = PBXVariantGroup;
			children = (
				E3685D371BCCF76000401B84 /* Base */,
				E3685D391BCCF76800401B84 /* el */,
			);
			name = Localizable.strings;
			sourceTree = "<group>";
		};
/* End PBXVariantGroup section */

/* Begin XCBuildConfiguration section */
		E3685D131BCCE92E00401B84 /* Debug */ = {
			isa = XCBuildConfiguration;
			buildSettings = {
				ALWAYS_SEARCH_USER_PATHS = NO;
				CLANG_CXX_LANGUAGE_STANDARD = "gnu++0x";
				CLANG_CXX_LIBRARY = "libc++";
				CLANG_ENABLE_MODULES = YES;
				CLANG_ENABLE_OBJC_ARC = YES;
				CLANG_WARN_BOOL_CONVERSION = YES;
				CLANG_WARN_CONSTANT_CONVERSION = YES;
				CLANG_WARN_DIRECT_OBJC_ISA_USAGE = YES_ERROR;
				CLANG_WARN_EMPTY_BODY = YES;
				CLANG_WARN_ENUM_CONVERSION = YES;
				CLANG_WARN_INT_CONVERSION = YES;
				CLANG_WARN_OBJC_ROOT_CLASS = YES_ERROR;
				CLANG_WARN_UNREACHABLE_CODE = YES;
				CLANG_WARN__DUPLICATE_METHOD_MATCH = YES;
				CODE_SIGN_IDENTITY = "iPhone Developer: Bhaveshkumar Bhensdadia (NYE584TL36)";
				COPY_PHASE_STRIP = NO;
				DEBUG_INFORMATION_FORMAT = dwarf;
				ENABLE_STRICT_OBJC_MSGSEND = YES;
				ENABLE_TESTABILITY = YES;
				GCC_C_LANGUAGE_STANDARD = gnu99;
				GCC_DYNAMIC_NO_PIC = NO;
				GCC_NO_COMMON_BLOCKS = YES;
				GCC_OPTIMIZATION_LEVEL = 0;
				GCC_PREPROCESSOR_DEFINITIONS = (
					"DEBUG=1",
					"$(inherited)",
				);
				GCC_WARN_64_TO_32_BIT_CONVERSION = YES;
				GCC_WARN_ABOUT_RETURN_TYPE = YES_ERROR;
				GCC_WARN_UNDECLARED_SELECTOR = YES;
				GCC_WARN_UNINITIALIZED_AUTOS = YES_AGGRESSIVE;
				GCC_WARN_UNUSED_FUNCTION = YES;
				GCC_WARN_UNUSED_VARIABLE = YES;
				IPHONEOS_DEPLOYMENT_TARGET = 9.0;
				MTL_ENABLE_DEBUG_INFO = YES;
				ONLY_ACTIVE_ARCH = YES;
				PROVISIONING_PROFILE = "6aa3b80c-0925-4918-9628-cb4858fd5c5e";
				SDKROOT = iphoneos;
				SWIFT_OPTIMIZATION_LEVEL = "-Onone";
			};
			name = Debug;
		};
		E3685D141BCCE92E00401B84 /* Release */ = {
			isa = XCBuildConfiguration;
			buildSettings = {
				ALWAYS_SEARCH_USER_PATHS = NO;
				CLANG_CXX_LANGUAGE_STANDARD = "gnu++0x";
				CLANG_CXX_LIBRARY = "libc++";
				CLANG_ENABLE_MODULES = YES;
				CLANG_ENABLE_OBJC_ARC = YES;
				CLANG_WARN_BOOL_CONVERSION = YES;
				CLANG_WARN_CONSTANT_CONVERSION = YES;
				CLANG_WARN_DIRECT_OBJC_ISA_USAGE = YES_ERROR;
				CLANG_WARN_EMPTY_BODY = YES;
				CLANG_WARN_ENUM_CONVERSION = YES;
				CLANG_WARN_INT_CONVERSION = YES;
				CLANG_WARN_OBJC_ROOT_CLASS = YES_ERROR;
				CLANG_WARN_UNREACHABLE_CODE = YES;
				CLANG_WARN__DUPLICATE_METHOD_MATCH = YES;
				CODE_SIGN_IDENTITY = "iPhone Developer: Bhaveshkumar Bhensdadia (NYE584TL36)";
				COPY_PHASE_STRIP = NO;
				DEBUG_INFORMATION_FORMAT = "dwarf-with-dsym";
				ENABLE_NS_ASSERTIONS = NO;
				ENABLE_STRICT_OBJC_MSGSEND = YES;
				GCC_C_LANGUAGE_STANDARD = gnu99;
				GCC_NO_COMMON_BLOCKS = YES;
				GCC_WARN_64_TO_32_BIT_CONVERSION = YES;
				GCC_WARN_ABOUT_RETURN_TYPE = YES_ERROR;
				GCC_WARN_UNDECLARED_SELECTOR = YES;
				GCC_WARN_UNINITIALIZED_AUTOS = YES_AGGRESSIVE;
				GCC_WARN_UNUSED_FUNCTION = YES;
				GCC_WARN_UNUSED_VARIABLE = YES;
				IPHONEOS_DEPLOYMENT_TARGET = 9.0;
				MTL_ENABLE_DEBUG_INFO = NO;
				PROVISIONING_PROFILE = "6aa3b80c-0925-4918-9628-cb4858fd5c5e";
				SDKROOT = iphoneos;
				VALIDATE_PRODUCT = YES;
			};
			name = Release;
		};
		E3685D161BCCE92E00401B84 /* Debug */ = {
			isa = XCBuildConfiguration;
			buildSettings = {
				ASSETCATALOG_COMPILER_APPICON_NAME = AppIcon;
				INFOPLIST_FILE = Pavefs/Info.plist;
				LD_RUNPATH_SEARCH_PATHS = "$(inherited) @executable_path/Frameworks";
				PRODUCT_BUNDLE_IDENTIFIER = com.pavefs.pavefs;
				PRODUCT_NAME = "$(TARGET_NAME)";
			};
			name = Debug;
		};
		E3685D171BCCE92E00401B84 /* Release */ = {
			isa = XCBuildConfiguration;
			buildSettings = {
				ASSETCATALOG_COMPILER_APPICON_NAME = AppIcon;
				INFOPLIST_FILE = Pavefs/Info.plist;
				LD_RUNPATH_SEARCH_PATHS = "$(inherited) @executable_path/Frameworks";
				PRODUCT_BUNDLE_IDENTIFIER = com.pavefs.pavefs;
				PRODUCT_NAME = "$(TARGET_NAME)";
			};
			name = Release;
		};
/* End XCBuildConfiguration section */

/* Begin XCConfigurationList section */
		E3685CFC1BCCE92E00401B84 /* Build configuration list for PBXProject "Pavefs" */ = {
			isa = XCConfigurationList;
			buildConfigurations = (
				E3685D131BCCE92E00401B84 /* Debug */,
				E3685D141BCCE92E00401B84 /* Release */,
			);
			defaultConfigurationIsVisible = 0;
			defaultConfigurationName = Release;
		};
		E3685D151BCCE92E00401B84 /* Build configuration list for PBXNativeTarget "Pavefs" */ = {
			isa = XCConfigurationList;
			buildConfigurations = (
				E3685D161BCCE92E00401B84 /* Debug */,
				E3685D171BCCE92E00401B84 /* Release */,
			);
			defaultConfigurationIsVisible = 0;
			defaultConfigurationName = Release;
		};
/* End XCConfigurationList section */
	};
	rootObject = E3685CF91BCCE92E00401B84 /* Project object */;
}
